
Microsoft Visual Studio Solution File, Format Version 12.00
# Visual Studio Version 17
VisualStudioVersion = 17.0.31912.275
MinimumVisualStudioVersion = 10.0.40219.1
Project("{FAE04EC0-301F-11D3-BF4B-00C04F79EFBC}") = "RandomList", "RandomList.csproj", "{7AB3AEB9-3D7F-4499-8D63-8B971E676F06}"
EndProject
Global
	GlobalSection(SolutionConfigurationPlatforms) = preSolution
		Debug|Any CPU = Debug|Any CPU
		Release|Any CPU = Release|Any CPU
	EndGlobalSection
	GlobalSection(ProjectConfigurationPlatforms) = postSolution
		{7AB3AEB9-3D7F-4499-8D63-8B971E676F06}.Debug|Any CPU.ActiveCfg = Debug|Any CPU
		{7AB3AEB9-3D7F-4499-8D63-8B971E676F06}.Debug|Any CPU.Build.0 = Debug|Any CPU
		{7AB3AEB9-3D7F-4499-8D63-8B971E676F06}.Release|Any CPU.ActiveCfg = Release|Any CPU
		{7AB3AEB9-3D7F-4499-8D63-8B971E676F06}.Release|Any CPU.Build.0 = Release|Any CPU
	EndGlobalSection
	GlobalSection(SolutionProperties) = preSolution
		HideSolutionNode = FALSE
	EndGlobalSection
	GlobalSection(ExtensibilityGlobals) = postSolution
		SolutionGuid = {488DF1E1-36D1-4629-9EEE-E88E92CC6648}
	EndGlobalSection
EndGlobal
